
Microsoft Visual Studio Solution File, Format Version 12.00
# Visual Studio 15
Project("{FAE04EC0-301F-11D3-BF4B-00C04F79EFBC}") = "Banking.Customers", "Banking.Customers\Banking.Customers.csproj", "{95069DFE-96E5-433A-90BB-23A933414B76}"
EndProject
Project("{FAE04EC0-301F-11D3-BF4B-00C04F79EFBC}") = "Banking.Customers.Data", "Banking.Customers.Data\Banking.Customers.Data.csproj", "{E5068AB1-0E11-4470-BE03-BA3A1AAD1C45}"
EndProject
Project("{FAE04EC0-301F-11D3-BF4B-00C04F79EFBC}") = "Banking.Customers.Domain", "Banking.Customers.Domain\Banking.Customers.Domain.csproj", "{E3BC0F8F-020B-481E-9325-8EC28E37D99A}"
EndProject
Project("{FAE04EC0-301F-11D3-BF4B-00C04F79EFBC}") = "Banking.Customers.Tests", "Banking.Customers.Tests\Banking.Customers.Tests.csproj", "{FF28398F-58C0-49D3-9483-0BA098FA548B}"
EndProject
Project("{FAE04EC0-301F-11D3-BF4B-00C04F79EFBC}") = "Banking.Customers.Services", "Banking.Customers.Services\Banking.Customers.Services.csproj", "{279EA771-A439-42A6-9B79-29290A5D6E77}"
EndProject
Project("{FAE04EC0-301F-11D3-BF4B-00C04F79EFBC}") = "Banking.Customers.Controllers", "Banking.Customers.Controllers\Banking.Customers.Controllers.csproj", "{FBEC32BB-C62A-4D99-AB86-0CC84326D581}"
EndProject
Project("{FAE04EC0-301F-11D3-BF4B-00C04F79EFBC}") = "Banking.Enterprise.Configuration", "Banking.Enterprise.Configuration\Banking.Enterprise.Configuration.csproj", "{AE08C25E-4E1A-4E56-8FBF-0D47DE6D913F}"
EndProject
Global
	GlobalSection(SolutionConfigurationPlatforms) = preSolution
		Debug|Any CPU = Debug|Any CPU
		Release|Any CPU = Release|Any CPU
	EndGlobalSection
	GlobalSection(ProjectConfigurationPlatforms) = postSolution
		{95069DFE-96E5-433A-90BB-23A933414B76}.Debug|Any CPU.ActiveCfg = Debug|Any CPU
		{95069DFE-96E5-433A-90BB-23A933414B76}.Debug|Any CPU.Build.0 = Debug|Any CPU
		{95069DFE-96E5-433A-90BB-23A933414B76}.Release|Any CPU.ActiveCfg = Release|Any CPU
		{95069DFE-96E5-433A-90BB-23A933414B76}.Release|Any CPU.Build.0 = Release|Any CPU
		{E5068AB1-0E11-4470-BE03-BA3A1AAD1C45}.Debug|Any CPU.ActiveCfg = Debug|Any CPU
		{E5068AB1-0E11-4470-BE03-BA3A1AAD1C45}.Debug|Any CPU.Build.0 = Debug|Any CPU
		{E5068AB1-0E11-4470-BE03-BA3A1AAD1C45}.Release|Any CPU.ActiveCfg = Release|Any CPU
		{E5068AB1-0E11-4470-BE03-BA3A1AAD1C45}.Release|Any CPU.Build.0 = Release|Any CPU
		{E3BC0F8F-020B-481E-9325-8EC28E37D99A}.Debug|Any CPU.ActiveCfg = Debug|Any CPU
		{E3BC0F8F-020B-481E-9325-8EC28E37D99A}.Debug|Any CPU.Build.0 = Debug|Any CPU
		{E3BC0F8F-020B-481E-9325-8EC28E37D99A}.Release|Any CPU.ActiveCfg = Release|Any CPU
		{E3BC0F8F-020B-481E-9325-8EC28E37D99A}.Release|Any CPU.Build.0 = Release|Any CPU
		{FF28398F-58C0-49D3-9483-0BA098FA548B}.Debug|Any CPU.ActiveCfg = Debug|Any CPU
		{FF28398F-58C0-49D3-9483-0BA098FA548B}.Debug|Any CPU.Build.0 = Debug|Any CPU
		{FF28398F-58C0-49D3-9483-0BA098FA548B}.Release|Any CPU.ActiveCfg = Release|Any CPU
		{FF28398F-58C0-49D3-9483-0BA098FA548B}.Release|Any CPU.Build.0 = Release|Any CPU
		{279EA771-A439-42A6-9B79-29290A5D6E77}.Debug|Any CPU.ActiveCfg = Debug|Any CPU
		{279EA771-A439-42A6-9B79-29290A5D6E77}.Debug|Any CPU.Build.0 = Debug|Any CPU
		{279EA771-A439-42A6-9B79-29290A5D6E77}.Release|Any CPU.ActiveCfg = Release|Any CPU
		{279EA771-A439-42A6-9B79-29290A5D6E77}.Release|Any CPU.Build.0 = Release|Any CPU
		{FBEC32BB-C62A-4D99-AB86-0CC84326D581}.Debug|Any CPU.ActiveCfg = Debug|Any CPU
		{FBEC32BB-C62A-4D99-AB86-0CC84326D581}.Debug|Any CPU.Build.0 = Debug|Any CPU
		{FBEC32BB-C62A-4D99-AB86-0CC84326D581}.Release|Any CPU.ActiveCfg = Release|Any CPU
		{FBEC32BB-C62A-4D99-AB86-0CC84326D581}.Release|Any CPU.Build.0 = Release|Any CPU
		{AE08C25E-4E1A-4E56-8FBF-0D47DE6D913F}.Debug|Any CPU.ActiveCfg = Debug|Any CPU
		{AE08C25E-4E1A-4E56-8FBF-0D47DE6D913F}.Debug|Any CPU.Build.0 = Debug|Any CPU
		{AE08C25E-4E1A-4E56-8FBF-0D47DE6D913F}.Release|Any CPU.ActiveCfg = Release|Any CPU
		{AE08C25E-4E1A-4E56-8FBF-0D47DE6D913F}.Release|Any CPU.Build.0 = Release|Any CPU
	EndGlobalSection
EndGlobal
